{
  "requires": true,
  "lockfileVersion": 1,
  "dependencies": {
    "@sweetalert2/theme-dark": {
      "version": "4.0.1",
      "resolved": "https://registry.npmjs.org/@sweetalert2/theme-dark/-/theme-dark-4.0.1.tgz",
      "integrity": "sha512-GBDG2o2uhxXrRploARkrLdytmLk7qjbMbpIlRtYqcOiRbtWmogTzs27759h9B2723qBck8gX9TmSCpZDkXk2RQ=="
    },
    "sweetalert2": {
      "version": "10.13.0",
      "resolved": "https://registry.npmjs.org/sweetalert2/-/sweetalert2-10.13.0.tgz",
      "integrity": "sha512-kF6Pnr7s7GDqVYRqqgyfxvG5vlUqfP+j+JF7oZ7DOs0/35jg6sTu8hyi6oD6Rb3fIKWIf1S9mCU7wR8iKa7dAA=="
    }
  }
}
